
Microsoft Visual Studio Solution File, Format Version 12.00
# Visual Studio Version 16
VisualStudioVersion = 16.0.30225.117
MinimumVisualStudioVersion = 10.0.40219.1
Project("{FAE04EC0-301F-11D3-BF4B-00C04F79EFBC}") = "ex02_william", "ex02_william.csproj", "{566C3C30-A6E3-4CAD-90F6-FD8685242AC9}"
EndProject
Global
	GlobalSection(SolutionConfigurationPlatforms) = preSolution
		Debug|Any CPU = Debug|Any CPU
		Release|Any CPU = Release|Any CPU
	EndGlobalSection
	GlobalSection(ProjectConfigurationPlatforms) = postSolution
		{566C3C30-A6E3-4CAD-90F6-FD8685242AC9}.Debug|Any CPU.ActiveCfg = Debug|Any CPU
		{566C3C30-A6E3-4CAD-90F6-FD8685242AC9}.Debug|Any CPU.Build.0 = Debug|Any CPU
		{566C3C30-A6E3-4CAD-90F6-FD8685242AC9}.Release|Any CPU.ActiveCfg = Release|Any CPU
		{566C3C30-A6E3-4CAD-90F6-FD8685242AC9}.Release|Any CPU.Build.0 = Release|Any CPU
	EndGlobalSection
	GlobalSection(SolutionProperties) = preSolution
		HideSolutionNode = FALSE
	EndGlobalSection
	GlobalSection(ExtensibilityGlobals) = postSolution
		SolutionGuid = {FE704F1F-4115-42B3-BBFF-807A6A5D8672}
	EndGlobalSection
EndGlobal
